
Microsoft Visual Studio Solution File, Format Version 12.00
# Visual Studio Version 16
VisualStudioVersion = 16.0.30104.148
MinimumVisualStudioVersion = 10.0.40219.1
Project("{FAE04EC0-301F-11D3-BF4B-00C04F79EFBC}") = "yrewind", "yrewind.csproj", "{82857E11-6572-4B6F-88AC-09289AC7F647}"
EndProject
Global
	GlobalSection(SolutionConfigurationPlatforms) = preSolution
		Debug|Any CPU = Debug|Any CPU
		Release|Any CPU = Release|Any CPU
	EndGlobalSection
	GlobalSection(ProjectConfigurationPlatforms) = postSolution
		{82857E11-6572-4B6F-88AC-09289AC7F647}.Debug|Any CPU.ActiveCfg = Debug|Any CPU
		{82857E11-6572-4B6F-88AC-09289AC7F647}.Debug|Any CPU.Build.0 = Debug|Any CPU
		{82857E11-6572-4B6F-88AC-09289AC7F647}.Release|Any CPU.ActiveCfg = Release|Any CPU
		{82857E11-6572-4B6F-88AC-09289AC7F647}.Release|Any CPU.Build.0 = Release|Any CPU
	EndGlobalSection
	GlobalSection(SolutionProperties) = preSolution
		HideSolutionNode = FALSE
	EndGlobalSection
	GlobalSection(ExtensibilityGlobals) = postSolution
		SolutionGuid = {37CCE08D-B083-4A55-B877-406B47563FA9}
	EndGlobalSection
EndGlobal
